// !$*UTF8*$!
{
	archiveVersion = 1;
	classes = {
	};
	objectVersion = 50;
	objects = {

/* Begin PBXBuildFile section */
		E9E102DE24E48F7C00965CA6 /* AppDelegate.swift in Sources */ = {isa = PBXBuildFile; fileRef = E9E102DD24E48F7C00965CA6 /* AppDelegate.swift */; };
		E9E102E024E48F7C00965CA6 /* SceneDelegate.swift in Sources */ = {isa = PBXBuildFile; fileRef = E9E102DF24E48F7C00965CA6 /* SceneDelegate.swift */; };
		E9E102E224E48F7C00965CA6 /* ViewController.swift in Sources */ = {isa = PBXBuildFile; fileRef = E9E102E124E48F7C00965CA6 /* ViewController.swift */; };
		E9E102E524E48F7C00965CA6 /* Main.storyboard in Resources */ = {isa = PBXBuildFile; fileRef = E9E102E324E48F7C00965CA6 /* Main.storyboard */; };
		E9E102E724E48F8000965CA6 /* Assets.xcassets in Resources */ = {isa = PBXBuildFile; fileRef = E9E102E624E48F8000965CA6 /* Assets.xcassets */; };
		E9E102EA24E48F8000965CA6 /* LaunchScreen.storyboard in Resources */ = {isa = PBXBuildFile; fileRef = E9E102E824E48F8000965CA6 /* LaunchScreen.storyboard */; };
		E9E102F524E48F8100965CA6 /* AutoLayoutTests.swift in Sources */ = {isa = PBXBuildFile; fileRef = E9E102F424E48F8100965CA6 /* AutoLayoutTests.swift */; };
		E9E1030024E48F8100965CA6 /* AutoLayoutUITests.swift in Sources */ = {isa = PBXBuildFile; fileRef = E9E102FF24E48F8100965CA6 /* AutoLayoutUITests.swift */; };
/* End PBXBuildFile section */

/* Begin PBXContainerItemProxy section */
		E9E102F124E48F8100965CA6 /* PBXContainerItemProxy */ = {
			isa = PBXContainerItemProxy;
			containerPortal = E9E102D224E48F7C00965CA6 /* Project object */;
			proxyType = 1;
			remoteGlobalIDString = E9E102D924E48F7C00965CA6;
			remoteInfo = AutoLayout;
		};
		E9E102FC24E48F8100965CA6 /* PBXContainerItemProxy */ = {
			isa = PBXContainerItemProxy;
			containerPortal = E9E102D224E48F7C00965CA6 /* Project object */;
			proxyType = 1;
			remoteGlobalIDString = E9E102D924E48F7C00965CA6;
			remoteInfo = AutoLayout;
		};
/* End PBXContainerItemProxy section */

/* Begin PBXFileReference section */
		E9E102DA24E48F7C00965CA6 /* AutoLayout.app */ = {isa = PBXFileReference; explicitFileType = wrapper.application; includeInIndex = 0; path = AutoLayout.app; sourceTree = BUILT_PRODUCTS_DIR; };
		E9E102DD24E48F7C00965CA6 /* AppDelegate.swift */ = {isa = PBXFileReference; lastKnownFileType = sourcecode.swift; path = AppDelegate.swift; sourceTree = "<group>"; };
		E9E102DF24E48F7C00965CA6 /* SceneDelegate.swift */ = {isa = PBXFileReference; lastKnownFileType = sourcecode.swift; path = SceneDelegate.swift; sourceTree = "<group>"; };
		E9E102E124E48F7C00965CA6 /* ViewController.swift */ = {isa = PBXFileReference; lastKnownFileType = sourcecode.swift; path = ViewController.swift; sourceTree = "<group>"; };
		E9E102E424E48F7C00965CA6 /* Base */ = {isa = PBXFileReference; lastKnownFileType = file.storyboard; name = Base; path = Base.lproj/Main.storyboard; sourceTree = "<group>"; };
		E9E102E624E48F8000965CA6 /* Assets.xcassets */ = {isa = PBXFileReference; lastKnownFileType = folder.assetcatalog; path = Assets.xcassets; sourceTree = "<group>"; };
		E9E102E924E48F8000965CA6 /* Base */ = {isa = PBXFileReference; lastKnownFileType = file.storyboard; name = Base; path = Base.lproj/LaunchScreen.storyboard; sourceTree = "<group>"; };
		E9E102EB24E48F8000965CA6 /* Info.plist */ = {isa = PBXFileReference; lastKnownFileType = text.plist.xml; path = Info.plist; sourceTree = "<group>"; };
		E9E102F024E48F8100965CA6 /* AutoLayoutTests.xctest */ = {isa = PBXFileReference; explicitFileType = wrapper.cfbundle; includeInIndex = 0; path = AutoLayoutTests.xctest; sourceTree = BUILT_PRODUCTS_DIR; };
		E9E102F424E48F8100965CA6 /* AutoLayoutTests.swift */ = {isa = PBXFileReference; lastKnownFileType = sourcecode.swift; path = AutoLayoutTests.swift; sourceTree = "<group>"; };
		E9E102F624E48F8100965CA6 /* Info.plist */ = {isa = PBXFileReference; lastKnownFileType = text.plist.xml; path = Info.plist; sourceTree = "<group>"; };
		E9E102FB24E48F8100965CA6 /* AutoLayoutUITests.xctest */ = {isa = PBXFileReference; explicitFileType = wrapper.cfbundle; includeInIndex = 0; path = AutoLayoutUITests.xctest; sourceTree = BUILT_PRODUCTS_DIR; };
		E9E102FF24E48F8100965CA6 /* AutoLayoutUITests.swift */ = {isa = PBXFileReference; lastKnownFileType = sourcecode.swift; path = AutoLayoutUITests.swift; sourceTree = "<group>"; };
		E9E1030124E48F8100965CA6 /* Info.plist */ = {isa = PBXFileReference; lastKnownFileType = text.plist.xml; path = Info.plist; sourceTree = "<group>"; };
/* End PBXFileReference section */

/* Begin PBXFrameworksBuildPhase section */
		E9E102D724E48F7C00965CA6 /* Frameworks */ = {
			isa = PBXFrameworksBuildPhase;
			buildActionMask = 2147483647;
			files = (
			);
			runOnlyForDeploymentPostprocessing = 0;
		};
		E9E102ED24E48F8100965CA6 /* Frameworks */ = {
			isa = PBXFrameworksBuildPhase;
			buildActionMask = 2147483647;
			files = (
			);
			runOnlyForDeploymentPostprocessing = 0;
		};
		E9E102F824E48F8100965CA6 /* Frameworks */ = {
			isa = PBXFrameworksBuildPhase;
			buildActionMask = 2147483647;
			files = (
			);
			runOnlyForDeploymentPostprocessing = 0;
		};
/* End PBXFrameworksBuildPhase section */

/* Begin PBXGroup section */
		E9E102D124E48F7C00965CA6 = {
			isa = PBXGroup;
			children = (
				E9E102DC24E48F7C00965CA6 /* AutoLayout */,
				E9E102F324E48F8100965CA6 /* AutoLayoutTests */,
				E9E102FE24E48F8100965CA6 /* AutoLayoutUITests */,
				E9E102DB24E48F7C00965CA6 /* Products */,
			);
			sourceTree = "<group>";
		};
		E9E102DB24E48F7C00965CA6 /* Products */ = {
			isa = PBXGroup;
			children = (
				E9E102DA24E48F7C00965CA6 /* AutoLayout.app */,
				E9E102F024E48F8100965CA6 /* AutoLayoutTests.xctest */,
				E9E102FB24E48F8100965CA6 /* AutoLayoutUITests.xctest */,
			);
			name = Products;
			sourceTree = "<group>";
		};
		E9E102DC24E48F7C00965CA6 /* AutoLayout */ = {
			isa = PBXGroup;
			children = (
				E9E102DD24E48F7C00965CA6 /* AppDelegate.swift */,
				E9E102DF24E48F7C00965CA6 /* SceneDelegate.swift */,
				E9E102E124E48F7C00965CA6 /* ViewController.swift */,
				E9E102E324E48F7C00965CA6 /* Main.storyboard */,
				E9E102E624E48F8000965CA6 /* Assets.xcassets */,
				E9E102E824E48F8000965CA6 /* LaunchScreen.storyboard */,
				E9E102EB24E48F8000965CA6 /* Info.plist */,
			);
			path = AutoLayout;
			sourceTree = "<group>";
		};
		E9E102F324E48F8100965CA6 /* AutoLayoutTests */ = {
			isa = PBXGroup;
			children = (
				E9E102F424E48F8100965CA6 /* AutoLayoutTests.swift */,
				E9E102F624E48F8100965CA6 /* Info.plist */,
			);
			path = AutoLayoutTests;
			sourceTree = "<group>";
		};
		E9E102FE24E48F8100965CA6 /* AutoLayoutUITests */ = {
			isa = PBXGroup;
			children = (
				E9E102FF24E48F8100965CA6 /* AutoLayoutUITests.swift */,
				E9E1030124E48F8100965CA6 /* Info.plist */,
			);
			path = AutoLayoutUITests;
			sourceTree = "<group>";
		};
/* End PBXGroup section */

/* Begin PBXNativeTarget section */
		E9E102D924E48F7C00965CA6 /* AutoLayout */ = {
			isa = PBXNativeTarget;
			buildConfigurationList = E9E1030424E48F8100965CA6 /* Build configuration list for PBXNativeTarget "AutoLayout" */;
			buildPhases = (
				E9E102D624E48F7C00965CA6 /* Sources */,
				E9E102D724E48F7C00965CA6 /* Frameworks */,
				E9E102D824E48F7C00965CA6 /* Resources */,
			);
			buildRules = (
			);
			dependencies = (
			);
			name = AutoLayout;
			productName = AutoLayout;
			productReference = E9E102DA24E48F7C00965CA6 /* AutoLayout.app */;
			productType = "com.apple.product-type.application";
		};
		E9E102EF24E48F8100965CA6 /* AutoLayoutTests */ = {
			isa = PBXNativeTarget;
			buildConfigurationList = E9E1030724E48F8100965CA6 /* Build configuration list for PBXNativeTarget "AutoLayoutTests" */;
			buildPhases = (
				E9E102EC24E48F8100965CA6 /* Sources */,
				E9E102ED24E48F8100965CA6 /* Frameworks */,
				E9E102EE24E48F8100965CA6 /* Resources */,
			);
			buildRules = (
			);
			dependencies = (
				E9E102F224E48F8100965CA6 /* PBXTargetDependency */,
			);
			name = AutoLayoutTests;
			productName = AutoLayoutTests;
			productReference = E9E102F024E48F8100965CA6 /* AutoLayoutTests.xctest */;
			productType = "com.apple.product-type.bundle.unit-test";
		};
		E9E102FA24E48F8100965CA6 /* AutoLayoutUITests */ = {
			isa = PBXNativeTarget;
			buildConfigurationList = E9E1030A24E48F8100965CA6 /* Build configuration list for PBXNativeTarget "AutoLayoutUITests" */;
			buildPhases = (
				E9E102F724E48F8100965CA6 /* Sources */,
				E9E102F824E48F8100965CA6 /* Frameworks */,
				E9E102F924E48F8100965CA6 /* Resources */,
			);
			buildRules = (
			);
			dependencies = (
				E9E102FD24E48F8100965CA6 /* PBXTargetDependency */,
			);
			name = AutoLayoutUITests;
			productName = AutoLayoutUITests;
			productReference = E9E102FB24E48F8100965CA6 /* AutoLayoutUITests.xctest */;
			productType = "com.apple.product-type.bundle.ui-testing";
		};
/* End PBXNativeTarget section */

/* Begin PBXProject section */
		E9E102D224E48F7C00965CA6 /* Project object */ = {
			isa = PBXProject;
			attributes = {
				LastSwiftUpdateCheck = 1160;
				LastUpgradeCheck = 1160;
				ORGANIZATIONNAME = "Jack Knight";
				TargetAttributes = {
					E9E102D924E48F7C00965CA6 = {
						CreatedOnToolsVersion = 11.6;
					};
					E9E102EF24E48F8100965CA6 = {
						CreatedOnToolsVersion = 11.6;
						TestTargetID = E9E102D924E48F7C00965CA6;
					};
					E9E102FA24E48F8100965CA6 = {
						CreatedOnToolsVersion = 11.6;
						TestTargetID = E9E102D924E48F7C00965CA6;
					};
				};
			};
			buildConfigurationList = E9E102D524E48F7C00965CA6 /* Build configuration list for PBXProject "AutoLayout" */;
			compatibilityVersion = "Xcode 9.3";
			developmentRegion = en;
			hasScannedForEncodings = 0;
			knownRegions = (
				en,
				Base,
			);
			mainGroup = E9E102D124E48F7C00965CA6;
			productRefGroup = E9E102DB24E48F7C00965CA6 /* Products */;
			projectDirPath = "";
			projectRoot = "";
			targets = (
				E9E102D924E48F7C00965CA6 /* AutoLayout */,
				E9E102EF24E48F8100965CA6 /* AutoLayoutTests */,
				E9E102FA24E48F8100965CA6 /* AutoLayoutUITests */,
			);
		};
/* End PBXProject section */

/* Begin PBXResourcesBuildPhase section */
		E9E102D824E48F7C00965CA6 /* Resources */ = {
			isa = PBXResourcesBuildPhase;
			buildActionMask = 2147483647;
			files = (
				E9E102EA24E48F8000965CA6 /* LaunchScreen.storyboard in Resources */,
				E9E102E724E48F8000965CA6 /* Assets.xcassets in Resources */,
				E9E102E524E48F7C00965CA6 /* Main.storyboard in Resources */,
			);
			runOnlyForDeploymentPostprocessing = 0;
		};
		E9E102EE24E48F8100965CA6 /* Resources */ = {
			isa = PBXResourcesBuildPhase;
			buildActionMask = 2147483647;
			files = (
			);
			runOnlyForDeploymentPostprocessing = 0;
		};
		E9E102F924E48F8100965CA6 /* Resources */ = {
			isa = PBXResourcesBuildPhase;
			buildActionMask = 2147483647;
			files = (
			);
			runOnlyForDeploymentPostprocessing = 0;
		};
/* End PBXResourcesBuildPhase section */

/* Begin PBXSourcesBuildPhase section */
		E9E102D624E48F7C00965CA6 /* Sources */ = {
			isa = PBXSourcesBuildPhase;
			buildActionMask = 2147483647;
			files = (
				E9E102E224E48F7C00965CA6 /* ViewController.swift in Sources */,
				E9E102DE24E48F7C00965CA6 /* AppDelegate.swift in Sources */,
				E9E102E024E48F7C00965CA6 /* SceneDelegate.swift in Sources */,
			);
			runOnlyForDeploymentPostprocessing = 0;
		};
		E9E102EC24E48F8100965CA6 /* Sources */ = {
			isa = PBXSourcesBuildPhase;
			buildActionMask = 2147483647;
			files = (
				E9E102F524E48F8100965CA6 /* AutoLayoutTests.swift in Sources */,
			);
			runOnlyForDeploymentPostprocessing = 0;
		};
		E9E102F724E48F8100965CA6 /* Sources */ = {
			isa = PBXSourcesBuildPhase;
			buildActionMask = 2147483647;
			files = (
				E9E1030024E48F8100965CA6 /* AutoLayoutUITests.swift in Sources */,
			);
			runOnlyForDeploymentPostprocessing = 0;
		};
/* End PBXSourcesBuildPhase section */

/* Begin PBXTargetDependency section */
		E9E102F224E48F8100965CA6 /* PBXTargetDependency */ = {
			isa = PBXTargetDependency;
			target = E9E102D924E48F7C00965CA6 /* AutoLayout */;
			targetProxy = E9E102F124E48F8100965CA6 /* PBXContainerItemProxy */;
		};
		E9E102FD24E48F8100965CA6 /* PBXTargetDependency */ = {
			isa = PBXTargetDependency;
			target = E9E102D924E48F7C00965CA6 /* AutoLayout */;
			targetProxy = E9E102FC24E48F8100965CA6 /* PBXContainerItemProxy */;
		};
/* End PBXTargetDependency section */

/* Begin PBXVariantGroup section */
		E9E102E324E48F7C00965CA6 /* Main.storyboard */ = {
			isa = PBXVariantGroup;
			children = (
				E9E102E424E48F7C00965CA6 /* Base */,
			);
			name = Main.storyboard;
			sourceTree = "<group>";
		};
		E9E102E824E48F8000965CA6 /* LaunchScreen.storyboard */ = {
			isa = PBXVariantGroup;
			children = (
				E9E102E924E48F8000965CA6 /* Base */,
			);
			name = LaunchScreen.storyboard;
			sourceTree = "<group>";
		};
/* End PBXVariantGroup section */

/* Begin XCBuildConfiguration section */
		E9E1030224E48F8100965CA6 /* Debug */ = {
			isa = XCBuildConfiguration;
			buildSettings = {
				ALWAYS_SEARCH_USER_PATHS = NO;
				CLANG_ANALYZER_NONNULL = YES;
				CLANG_ANALYZER_NUMBER_OBJECT_CONVERSION = YES_AGGRESSIVE;
				CLANG_CXX_LANGUAGE_STANDARD = "gnu++14";
				CLANG_CXX_LIBRARY = "libc++";
				CLANG_ENABLE_MODULES = YES;
				CLANG_ENABLE_OBJC_ARC = YES;
				CLANG_ENABLE_OBJC_WEAK = YES;
				CLANG_WARN_BLOCK_CAPTURE_AUTORELEASING = YES;
				CLANG_WARN_BOOL_CONVERSION = YES;
				CLANG_WARN_COMMA = YES;
				CLANG_WARN_CONSTANT_CONVERSION = YES;
				CLANG_WARN_DEPRECATED_OBJC_IMPLEMENTATIONS = YES;
				CLANG_WARN_DIRECT_OBJC_ISA_USAGE = YES_ERROR;
				CLANG_WARN_DOCUMENTATION_COMMENTS = YES;
				CLANG_WARN_EMPTY_BODY = YES;
				CLANG_WARN_ENUM_CONVERSION = YES;
				CLANG_WARN_INFINITE_RECURSION = YES;
				CLANG_WARN_INT_CONVERSION = YES;
				CLANG_WARN_NON_LITERAL_NULL_CONVERSION = YES;
				CLANG_WARN_OBJC_IMPLICIT_RETAIN_SELF = YES;
				CLANG_WARN_OBJC_LITERAL_CONVERSION = YES;
				CLANG_WARN_OBJC_ROOT_CLASS = YES_ERROR;
				CLANG_WARN_RANGE_LOOP_ANALYSIS = YES;
				CLANG_WARN_STRICT_PROTOTYPES = YES;
				CLANG_WARN_SUSPICIOUS_MOVE = YES;
				CLANG_WARN_UNGUARDED_AVAILABILITY = YES_AGGRESSIVE;
				CLANG_WARN_UNREACHABLE_CODE = YES;
				CLANG_WARN__DUPLICATE_METHOD_MATCH = YES;
				COPY_PHASE_STRIP = NO;
				DEBUG_INFORMATION_FORMAT = dwarf;
				ENABLE_STRICT_OBJC_MSGSEND = YES;
				ENABLE_TESTABILITY = YES;
				GCC_C_LANGUAGE_STANDARD = gnu11;
				GCC_DYNAMIC_NO_PIC = NO;
				GCC_NO_COMMON_BLOCKS = YES;
				GCC_OPTIMIZATION_LEVEL = 0;
				GCC_PREPROCESSOR_DEFINITIONS = (
					"DEBUG=1",
					"$(inherited)",
				);
				GCC_WARN_64_TO_32_BIT_CONVERSION = YES;
				GCC_WARN_ABOUT_RETURN_TYPE = YES_ERROR;
				GCC_WARN_UNDECLARED_SELECTOR = YES;
				GCC_WARN_UNINITIALIZED_AUTOS = YES_AGGRESSIVE;
				GCC_WARN_UNUSED_FUNCTION = YES;
				GCC_WARN_UNUSED_VARIABLE = YES;
				IPHONEOS_DEPLOYMENT_TARGET = 13.6;
				MTL_ENABLE_DEBUG_INFO = INCLUDE_SOURCE;
				MTL_FAST_MATH = YES;
				ONLY_ACTIVE_ARCH = YES;
				SDKROOT = iphoneos;
				SWIFT_ACTIVE_COMPILATION_CONDITIONS = DEBUG;
				SWIFT_OPTIMIZATION_LEVEL = "-Onone";
			};
			name = Debug;
		};
		E9E1030324E48F8100965CA6 /* Release */ = {
			isa = XCBuildConfiguration;
			buildSettings = {
				ALWAYS_SEARCH_USER_PATHS = NO;
				CLANG_ANALYZER_NONNULL = YES;
				CLANG_ANALYZER_NUMBER_OBJECT_CONVERSION = YES_AGGRESSIVE;
				CLANG_CXX_LANGUAGE_STANDARD = "gnu++14";
				CLANG_CXX_LIBRARY = "libc++";
				CLANG_ENABLE_MODULES = YES;
				CLANG_ENABLE_OBJC_ARC = YES;
				CLANG_ENABLE_OBJC_WEAK = YES;
				CLANG_WARN_BLOCK_CAPTURE_AUTORELEASING = YES;
				CLANG_WARN_BOOL_CONVERSION = YES;
				CLANG_WARN_COMMA = YES;
				CLANG_WARN_CONSTANT_CONVERSION = YES;
				CLANG_WARN_DEPRECATED_OBJC_IMPLEMENTATIONS = YES;
				CLANG_WARN_DIRECT_OBJC_ISA_USAGE = YES_ERROR;
				CLANG_WARN_DOCUMENTATION_COMMENTS = YES;
				CLANG_WARN_EMPTY_BODY = YES;
				CLANG_WARN_ENUM_CONVERSION = YES;
				CLANG_WARN_INFINITE_RECURSION = YES;
				CLANG_WARN_INT_CONVERSION = YES;
				CLANG_WARN_NON_LITERAL_NULL_CONVERSION = YES;
				CLANG_WARN_OBJC_IMPLICIT_RETAIN_SELF = YES;
				CLANG_WARN_OBJC_LITERAL_CONVERSION = YES;
				CLANG_WARN_OBJC_ROOT_CLASS = YES_ERROR;
				CLANG_WARN_RANGE_LOOP_ANALYSIS = YES;
				CLANG_WARN_STRICT_PROTOTYPES = YES;
				CLANG_WARN_SUSPICIOUS_MOVE = YES;
				CLANG_WARN_UNGUARDED_AVAILABILITY = YES_AGGRESSIVE;
				CLANG_WARN_UNREACHABLE_CODE = YES;
				CLANG_WARN__DUPLICATE_METHOD_MATCH = YES;
				COPY_PHASE_STRIP = NO;
				DEBUG_INFORMATION_FORMAT = "dwarf-with-dsym";
				ENABLE_NS_ASSERTIONS = NO;
				ENABLE_STRICT_OBJC_MSGSEND = YES;
				GCC_C_LANGUAGE_STANDARD = gnu11;
				GCC_NO_COMMON_BLOCKS = YES;
				GCC_WARN_64_TO_32_BIT_CONVERSION = YES;
				GCC_WARN_ABOUT_RETURN_TYPE = YES_ERROR;
				GCC_WARN_UNDECLARED_SELECTOR = YES;
				GCC_WARN_UNINITIALIZED_AUTOS = YES_AGGRESSIVE;
				GCC_WARN_UNUSED_FUNCTION = YES;
				GCC_WARN_UNUSED_VARIABLE = YES;
				IPHONEOS_DEPLOYMENT_TARGET = 13.6;
				MTL_ENABLE_DEBUG_INFO = NO;
				MTL_FAST_MATH = YES;
				SDKROOT = iphoneos;
				SWIFT_COMPILATION_MODE = wholemodule;
				SWIFT_OPTIMIZATION_LEVEL = "-O";
				VALIDATE_PRODUCT = YES;
			};
			name = Release;
		};
		E9E1030524E48F8100965CA6 /* Debug */ = {
			isa = XCBuildConfiguration;
			buildSettings = {
				ASSETCATALOG_COMPILER_APPICON_NAME = AppIcon;
				CODE_SIGN_STYLE = Automatic;
				DEVELOPMENT_TEAM = 2446Y3VTK6;
				INFOPLIST_FILE = AutoLayout/Info.plist;
				LD_RUNPATH_SEARCH_PATHS = (
					"$(inherited)",
					"@executable_path/Frameworks",
				);
				PRODUCT_BUNDLE_IDENTIFIER = Jack.AutoLayout;
				PRODUCT_NAME = "$(TARGET_NAME)";
				SWIFT_VERSION = 5.0;
				TARGETED_DEVICE_FAMILY = "1,2";
			};
			name = Debug;
		};
		E9E1030624E48F8100965CA6 /* Release */ = {
			isa = XCBuildConfiguration;
			buildSettings = {
				ASSETCATALOG_COMPILER_APPICON_NAME = AppIcon;
				CODE_SIGN_STYLE = Automatic;
				DEVELOPMENT_TEAM = 2446Y3VTK6;
				INFOPLIST_FILE = AutoLayout/Info.plist;
				LD_RUNPATH_SEARCH_PATHS = (
					"$(inherited)",
					"@executable_path/Frameworks",
				);
				PRODUCT_BUNDLE_IDENTIFIER = Jack.AutoLayout;
				PRODUCT_NAME = "$(TARGET_NAME)";
				SWIFT_VERSION = 5.0;
				TARGETED_DEVICE_FAMILY = "1,2";
			};
			name = Release;
		};
		E9E1030824E48F8100965CA6 /* Debug */ = {
			isa = XCBuildConfiguration;
			buildSettings = {
				ALWAYS_EMBED_SWIFT_STANDARD_LIBRARIES = YES;
				BUNDLE_LOADER = "$(TEST_HOST)";
				CODE_SIGN_STYLE = Automatic;
				DEVELOPMENT_TEAM = 2446Y3VTK6;
				INFOPLIST_FILE = AutoLayoutTests/Info.plist;
				IPHONEOS_DEPLOYMENT_TARGET = 13.6;
				LD_RUNPATH_SEARCH_PATHS = (
					"$(inherited)",
					"@executable_path/Frameworks",
					"@loader_path/Frameworks",
				);
				PRODUCT_BUNDLE_IDENTIFIER = Jack.AutoLayoutTests;
				PRODUCT_NAME = "$(TARGET_NAME)";
				SWIFT_VERSION = 5.0;
				TARGETED_DEVICE_FAMILY = "1,2";
				TEST_HOST = "$(BUILT_PRODUCTS_DIR)/AutoLayout.app/AutoLayout";
			};
			name = Debug;
		};
		E9E1030924E48F8100965CA6 /* Release */ = {
			isa = XCBuildConfiguration;
			buildSettings = {
				ALWAYS_EMBED_SWIFT_STANDARD_LIBRARIES = YES;
				BUNDLE_LOADER = "$(TEST_HOST)";
				CODE_SIGN_STYLE = Automatic;
				DEVELOPMENT_TEAM = 2446Y3VTK6;
				INFOPLIST_FILE = AutoLayoutTests/Info.plist;
				IPHONEOS_DEPLOYMENT_TARGET = 13.6;
				LD_RUNPATH_SEARCH_PATHS = (
					"$(inherited)",
					"@executable_path/Frameworks",
					"@loader_path/Frameworks",
				);
				PRODUCT_BUNDLE_IDENTIFIER = Jack.AutoLayoutTests;
				PRODUCT_NAME = "$(TARGET_NAME)";
				SWIFT_VERSION = 5.0;
				TARGETED_DEVICE_FAMILY = "1,2";
				TEST_HOST = "$(BUILT_PRODUCTS_DIR)/AutoLayout.app/AutoLayout";
			};
			name = Release;
		};
		E9E1030B24E48F8100965CA6 /* Debug */ = {
			isa = XCBuildConfiguration;
			buildSettings = {
				ALWAYS_EMBED_SWIFT_STANDARD_LIBRARIES = YES;
				CODE_SIGN_STYLE = Automatic;
				DEVELOPMENT_TEAM = 2446Y3VTK6;
				INFOPLIST_FILE = AutoLayoutUITests/Info.plist;
				LD_RUNPATH_SEARCH_PATHS = (
					"$(inherited)",
					"@executable_path/Frameworks",
					"@loader_path/Frameworks",
				);
				PRODUCT_BUNDLE_IDENTIFIER = Jack.AutoLayoutUITests;
				PRODUCT_NAME = "$(TARGET_NAME)";
				SWIFT_VERSION = 5.0;
				TARGETED_DEVICE_FAMILY = "1,2";
				TEST_TARGET_NAME = AutoLayout;
			};
			name = Debug;
		};
		E9E1030C24E48F8100965CA6 /* Release */ = {
			isa = XCBuildConfiguration;
			buildSettings = {
				ALWAYS_EMBED_SWIFT_STANDARD_LIBRARIES = YES;
				CODE_SIGN_STYLE = Automatic;
				DEVELOPMENT_TEAM = 2446Y3VTK6;
				INFOPLIST_FILE = AutoLayoutUITests/Info.plist;
				LD_RUNPATH_SEARCH_PATHS = (
					"$(inherited)",
					"@executable_path/Frameworks",
					"@loader_path/Frameworks",
				);
				PRODUCT_BUNDLE_IDENTIFIER = Jack.AutoLayoutUITests;
				PRODUCT_NAME = "$(TARGET_NAME)";
				SWIFT_VERSION = 5.0;
				TARGETED_DEVICE_FAMILY = "1,2";
				TEST_TARGET_NAME = AutoLayout;
			};
			name = Release;
		};
/* End XCBuildConfiguration section */

/* Begin XCConfigurationList section */
		E9E102D524E48F7C00965CA6 /* Build configuration list for PBXProject "AutoLayout" */ = {
			isa = XCConfigurationList;
			buildConfigurations = (
				E9E1030224E48F8100965CA6 /* Debug */,
				E9E1030324E48F8100965CA6 /* Release */,
			);
			defaultConfigurationIsVisible = 0;
			defaultConfigurationName = Release;
		};
		E9E1030424E48F8100965CA6 /* Build configuration list for PBXNativeTarget "AutoLayout" */ = {
			isa = XCConfigurationList;
			buildConfigurations = (
				E9E1030524E48F8100965CA6 /* Debug */,
				E9E1030624E48F8100965CA6 /* Release */,
			);
			defaultConfigurationIsVisible = 0;
			defaultConfigurationName = Release;
		};
		E9E1030724E48F8100965CA6 /* Build configuration list for PBXNativeTarget "AutoLayoutTests" */ = {
			isa = XCConfigurationList;
			buildConfigurations = (
				E9E1030824E48F8100965CA6 /* Debug */,
				E9E1030924E48F8100965CA6 /* Release */,
			);
			defaultConfigurationIsVisible = 0;
			defaultConfigurationName = Release;
		};
		E9E1030A24E48F8100965CA6 /* Build configuration list for PBXNativeTarget "AutoLayoutUITests" */ = {
			isa = XCConfigurationList;
			buildConfigurations = (
				E9E1030B24E48F8100965CA6 /* Debug */,
				E9E1030C24E48F8100965CA6 /* Release */,
			);
			defaultConfigurationIsVisible = 0;
			defaultConfigurationName = Release;
		};
/* End XCConfigurationList section */
	};
	rootObject = E9E102D224E48F7C00965CA6 /* Project object */;
}
